// !$*UTF8*$!
{
	archiveVersion = 1;
	classes = {
	};
	objectVersion = 50;
	objects = {

/* Begin PBXBuildFile section */
		A4F238CB253BEF3A00B944F1 /* AppDelegate.swift in Sources */ = {isa = PBXBuildFile; fileRef = A4F238CA253BEF3A00B944F1 /* AppDelegate.swift */; };
		A4F238CD253BEF3A00B944F1 /* SceneDelegate.swift in Sources */ = {isa = PBXBuildFile; fileRef = A4F238CC253BEF3A00B944F1 /* SceneDelegate.swift */; };
		A4F238CF253BEF3A00B944F1 /* ViewController.swift in Sources */ = {isa = PBXBuildFile; fileRef = A4F238CE253BEF3A00B944F1 /* ViewController.swift */; };
		A4F238D2253BEF3A00B944F1 /* Main.storyboard in Resources */ = {isa = PBXBuildFile; fileRef = A4F238D0253BEF3A00B944F1 /* Main.storyboard */; };
		A4F238D4253BEF3E00B944F1 /* Assets.xcassets in Resources */ = {isa = PBXBuildFile; fileRef = A4F238D3253BEF3E00B944F1 /* Assets.xcassets */; };
		A4F238D7253BEF3E00B944F1 /* LaunchScreen.storyboard in Resources */ = {isa = PBXBuildFile; fileRef = A4F238D5253BEF3E00B944F1 /* LaunchScreen.storyboard */; };
		A4F238E2253BEF3E00B944F1 /* FlipCardGameTests.swift in Sources */ = {isa = PBXBuildFile; fileRef = A4F238E1253BEF3E00B944F1 /* FlipCardGameTests.swift */; };
		A4F238ED253BEF3E00B944F1 /* FlipCardGameUITests.swift in Sources */ = {isa = PBXBuildFile; fileRef = A4F238EC253BEF3E00B944F1 /* FlipCardGameUITests.swift */; };
/* End PBXBuildFile section */

/* Begin PBXContainerItemProxy section */
		A4F238DE253BEF3E00B944F1 /* PBXContainerItemProxy */ = {
			isa = PBXContainerItemProxy;
			containerPortal = A4F238BF253BEF3A00B944F1 /* Project object */;
			proxyType = 1;
			remoteGlobalIDString = A4F238C6253BEF3A00B944F1;
			remoteInfo = FlipCardGame;
		};
		A4F238E9253BEF3E00B944F1 /* PBXContainerItemProxy */ = {
			isa = PBXContainerItemProxy;
			containerPortal = A4F238BF253BEF3A00B944F1 /* Project object */;
			proxyType = 1;
			remoteGlobalIDString = A4F238C6253BEF3A00B944F1;
			remoteInfo = FlipCardGame;
		};
/* End PBXContainerItemProxy section */

/* Begin PBXFileReference section */
		A4F238C7253BEF3A00B944F1 /* FlipCardGame.app */ = {isa = PBXFileReference; explicitFileType = wrapper.application; includeInIndex = 0; path = FlipCardGame.app; sourceTree = BUILT_PRODUCTS_DIR; };
		A4F238CA253BEF3A00B944F1 /* AppDelegate.swift */ = {isa = PBXFileReference; lastKnownFileType = sourcecode.swift; path = AppDelegate.swift; sourceTree = "<group>"; };
		A4F238CC253BEF3A00B944F1 /* SceneDelegate.swift */ = {isa = PBXFileReference; lastKnownFileType = sourcecode.swift; path = SceneDelegate.swift; sourceTree = "<group>"; };
		A4F238CE253BEF3A00B944F1 /* ViewController.swift */ = {isa = PBXFileReference; lastKnownFileType = sourcecode.swift; path = ViewController.swift; sourceTree = "<group>"; };
		A4F238D1253BEF3A00B944F1 /* Base */ = {isa = PBXFileReference; lastKnownFileType = file.storyboard; name = Base; path = Base.lproj/Main.storyboard; sourceTree = "<group>"; };
		A4F238D3253BEF3E00B944F1 /* Assets.xcassets */ = {isa = PBXFileReference; lastKnownFileType = folder.assetcatalog; path = Assets.xcassets; sourceTree = "<group>"; };
		A4F238D6253BEF3E00B944F1 /* Base */ = {isa = PBXFileReference; lastKnownFileType = file.storyboard; name = Base; path = Base.lproj/LaunchScreen.storyboard; sourceTree = "<group>"; };
		A4F238D8253BEF3E00B944F1 /* Info.plist */ = {isa = PBXFileReference; lastKnownFileType = text.plist.xml; path = Info.plist; sourceTree = "<group>"; };
		A4F238DD253BEF3E00B944F1 /* FlipCardGameTests.xctest */ = {isa = PBXFileReference; explicitFileType = wrapper.cfbundle; includeInIndex = 0; path = FlipCardGameTests.xctest; sourceTree = BUILT_PRODUCTS_DIR; };
		A4F238E1253BEF3E00B944F1 /* FlipCardGameTests.swift */ = {isa = PBXFileReference; lastKnownFileType = sourcecode.swift; path = FlipCardGameTests.swift; sourceTree = "<group>"; };
		A4F238E3253BEF3E00B944F1 /* Info.plist */ = {isa = PBXFileReference; lastKnownFileType = text.plist.xml; path = Info.plist; sourceTree = "<group>"; };
		A4F238E8253BEF3E00B944F1 /* FlipCardGameUITests.xctest */ = {isa = PBXFileReference; explicitFileType = wrapper.cfbundle; includeInIndex = 0; path = FlipCardGameUITests.xctest; sourceTree = BUILT_PRODUCTS_DIR; };
		A4F238EC253BEF3E00B944F1 /* FlipCardGameUITests.swift */ = {isa = PBXFileReference; lastKnownFileType = sourcecode.swift; path = FlipCardGameUITests.swift; sourceTree = "<group>"; };
		A4F238EE253BEF3E00B944F1 /* Info.plist */ = {isa = PBXFileReference; lastKnownFileType = text.plist.xml; path = Info.plist; sourceTree = "<group>"; };
/* End PBXFileReference section */

/* Begin PBXFrameworksBuildPhase section */
		A4F238C4253BEF3A00B944F1 /* Frameworks */ = {
			isa = PBXFrameworksBuildPhase;
			buildActionMask = 2147483647;
			files = (
			);
			runOnlyForDeploymentPostprocessing = 0;
		};
		A4F238DA253BEF3E00B944F1 /* Frameworks */ = {
			isa = PBXFrameworksBuildPhase;
			buildActionMask = 2147483647;
			files = (
			);
			runOnlyForDeploymentPostprocessing = 0;
		};
		A4F238E5253BEF3E00B944F1 /* Frameworks */ = {
			isa = PBXFrameworksBuildPhase;
			buildActionMask = 2147483647;
			files = (
			);
			runOnlyForDeploymentPostprocessing = 0;
		};
/* End PBXFrameworksBuildPhase section */

/* Begin PBXGroup section */
		A4F238BE253BEF3A00B944F1 = {
			isa = PBXGroup;
			children = (
				A4F238C9253BEF3A00B944F1 /* FlipCardGame */,
				A4F238E0253BEF3E00B944F1 /* FlipCardGameTests */,
				A4F238EB253BEF3E00B944F1 /* FlipCardGameUITests */,
				A4F238C8253BEF3A00B944F1 /* Products */,
			);
			sourceTree = "<group>";
		};
		A4F238C8253BEF3A00B944F1 /* Products */ = {
			isa = PBXGroup;
			children = (
				A4F238C7253BEF3A00B944F1 /* FlipCardGame.app */,
				A4F238DD253BEF3E00B944F1 /* FlipCardGameTests.xctest */,
				A4F238E8253BEF3E00B944F1 /* FlipCardGameUITests.xctest */,
			);
			name = Products;
			sourceTree = "<group>";
		};
		A4F238C9253BEF3A00B944F1 /* FlipCardGame */ = {
			isa = PBXGroup;
			children = (
				A4F238CA253BEF3A00B944F1 /* AppDelegate.swift */,
				A4F238CC253BEF3A00B944F1 /* SceneDelegate.swift */,
				A4F238CE253BEF3A00B944F1 /* ViewController.swift */,
				A4F238D0253BEF3A00B944F1 /* Main.storyboard */,
				A4F238D3253BEF3E00B944F1 /* Assets.xcassets */,
				A4F238D5253BEF3E00B944F1 /* LaunchScreen.storyboard */,
				A4F238D8253BEF3E00B944F1 /* Info.plist */,
			);
			path = FlipCardGame;
			sourceTree = "<group>";
		};
		A4F238E0253BEF3E00B944F1 /* FlipCardGameTests */ = {
			isa = PBXGroup;
			children = (
				A4F238E1253BEF3E00B944F1 /* FlipCardGameTests.swift */,
				A4F238E3253BEF3E00B944F1 /* Info.plist */,
			);
			path = FlipCardGameTests;
			sourceTree = "<group>";
		};
		A4F238EB253BEF3E00B944F1 /* FlipCardGameUITests */ = {
			isa = PBXGroup;
			children = (
				A4F238EC253BEF3E00B944F1 /* FlipCardGameUITests.swift */,
				A4F238EE253BEF3E00B944F1 /* Info.plist */,
			);
			path = FlipCardGameUITests;
			sourceTree = "<group>";
		};
/* End PBXGroup section */

/* Begin PBXNativeTarget section */
		A4F238C6253BEF3A00B944F1 /* FlipCardGame */ = {
			isa = PBXNativeTarget;
			buildConfigurationList = A4F238F1253BEF3E00B944F1 /* Build configuration list for PBXNativeTarget "FlipCardGame" */;
			buildPhases = (
				A4F238C3253BEF3A00B944F1 /* Sources */,
				A4F238C4253BEF3A00B944F1 /* Frameworks */,
				A4F238C5253BEF3A00B944F1 /* Resources */,
			);
			buildRules = (
			);
			dependencies = (
			);
			name = FlipCardGame;
			productName = FlipCardGame;
			productReference = A4F238C7253BEF3A00B944F1 /* FlipCardGame.app */;
			productType = "com.apple.product-type.application";
		};
		A4F238DC253BEF3E00B944F1 /* FlipCardGameTests */ = {
			isa = PBXNativeTarget;
			buildConfigurationList = A4F238F4253BEF3E00B944F1 /* Build configuration list for PBXNativeTarget "FlipCardGameTests" */;
			buildPhases = (
				A4F238D9253BEF3E00B944F1 /* Sources */,
				A4F238DA253BEF3E00B944F1 /* Frameworks */,
				A4F238DB253BEF3E00B944F1 /* Resources */,
			);
			buildRules = (
			);
			dependencies = (
				A4F238DF253BEF3E00B944F1 /* PBXTargetDependency */,
			);
			name = FlipCardGameTests;
			productName = FlipCardGameTests;
			productReference = A4F238DD253BEF3E00B944F1 /* FlipCardGameTests.xctest */;
			productType = "com.apple.product-type.bundle.unit-test";
		};
		A4F238E7253BEF3E00B944F1 /* FlipCardGameUITests */ = {
			isa = PBXNativeTarget;
			buildConfigurationList = A4F238F7253BEF3E00B944F1 /* Build configuration list for PBXNativeTarget "FlipCardGameUITests" */;
			buildPhases = (
				A4F238E4253BEF3E00B944F1 /* Sources */,
				A4F238E5253BEF3E00B944F1 /* Frameworks */,
				A4F238E6253BEF3E00B944F1 /* Resources */,
			);
			buildRules = (
			);
			dependencies = (
				A4F238EA253BEF3E00B944F1 /* PBXTargetDependency */,
			);
			name = FlipCardGameUITests;
			productName = FlipCardGameUITests;
			productReference = A4F238E8253BEF3E00B944F1 /* FlipCardGameUITests.xctest */;
			productType = "com.apple.product-type.bundle.ui-testing";
		};
/* End PBXNativeTarget section */

/* Begin PBXProject section */
		A4F238BF253BEF3A00B944F1 /* Project object */ = {
			isa = PBXProject;
			attributes = {
				LastSwiftUpdateCheck = 1200;
				LastUpgradeCheck = 1200;
				TargetAttributes = {
					A4F238C6253BEF3A00B944F1 = {
						CreatedOnToolsVersion = 12.0.1;
					};
					A4F238DC253BEF3E00B944F1 = {
						CreatedOnToolsVersion = 12.0.1;
						TestTargetID = A4F238C6253BEF3A00B944F1;
					};
					A4F238E7253BEF3E00B944F1 = {
						CreatedOnToolsVersion = 12.0.1;
						TestTargetID = A4F238C6253BEF3A00B944F1;
					};
				};
			};
			buildConfigurationList = A4F238C2253BEF3A00B944F1 /* Build configuration list for PBXProject "FlipCardGame" */;
			compatibilityVersion = "Xcode 9.3";
			developmentRegion = en;
			hasScannedForEncodings = 0;
			knownRegions = (
				en,
				Base,
			);
			mainGroup = A4F238BE253BEF3A00B944F1;
			productRefGroup = A4F238C8253BEF3A00B944F1 /* Products */;
			projectDirPath = "";
			projectRoot = "";
			targets = (
				A4F238C6253BEF3A00B944F1 /* FlipCardGame */,
				A4F238DC253BEF3E00B944F1 /* FlipCardGameTests */,
				A4F238E7253BEF3E00B944F1 /* FlipCardGameUITests */,
			);
		};
/* End PBXProject section */

/* Begin PBXResourcesBuildPhase section */
		A4F238C5253BEF3A00B944F1 /* Resources */ = {
			isa = PBXResourcesBuildPhase;
			buildActionMask = 2147483647;
			files = (
				A4F238D7253BEF3E00B944F1 /* LaunchScreen.storyboard in Resources */,
				A4F238D4253BEF3E00B944F1 /* Assets.xcassets in Resources */,
				A4F238D2253BEF3A00B944F1 /* Main.storyboard in Resources */,
			);
			runOnlyForDeploymentPostprocessing = 0;
		};
		A4F238DB253BEF3E00B944F1 /* Resources */ = {
			isa = PBXResourcesBuildPhase;
			buildActionMask = 2147483647;
			files = (
			);
			runOnlyForDeploymentPostprocessing = 0;
		};
		A4F238E6253BEF3E00B944F1 /* Resources */ = {
			isa = PBXResourcesBuildPhase;
			buildActionMask = 2147483647;
			files = (
			);
			runOnlyForDeploymentPostprocessing = 0;
		};
/* End PBXResourcesBuildPhase section */

/* Begin PBXSourcesBuildPhase section */
		A4F238C3253BEF3A00B944F1 /* Sources */ = {
			isa = PBXSourcesBuildPhase;
			buildActionMask = 2147483647;
			files = (
				A4F238CF253BEF3A00B944F1 /* ViewController.swift in Sources */,
				A4F238CB253BEF3A00B944F1 /* AppDelegate.swift in Sources */,
				A4F238CD253BEF3A00B944F1 /* SceneDelegate.swift in Sources */,
			);
			runOnlyForDeploymentPostprocessing = 0;
		};
		A4F238D9253BEF3E00B944F1 /* Sources */ = {
			isa = PBXSourcesBuildPhase;
			buildActionMask = 2147483647;
			files = (
				A4F238E2253BEF3E00B944F1 /* FlipCardGameTests.swift in Sources */,
			);
			runOnlyForDeploymentPostprocessing = 0;
		};
		A4F238E4253BEF3E00B944F1 /* Sources */ = {
			isa = PBXSourcesBuildPhase;
			buildActionMask = 2147483647;
			files = (
				A4F238ED253BEF3E00B944F1 /* FlipCardGameUITests.swift in Sources */,
			);
			runOnlyForDeploymentPostprocessing = 0;
		};
/* End PBXSourcesBuildPhase section */

/* Begin PBXTargetDependency section */
		A4F238DF253BEF3E00B944F1 /* PBXTargetDependency */ = {
			isa = PBXTargetDependency;
			target = A4F238C6253BEF3A00B944F1 /* FlipCardGame */;
			targetProxy = A4F238DE253BEF3E00B944F1 /* PBXContainerItemProxy */;
		};
		A4F238EA253BEF3E00B944F1 /* PBXTargetDependency */ = {
			isa = PBXTargetDependency;
			target = A4F238C6253BEF3A00B944F1 /* FlipCardGame */;
			targetProxy = A4F238E9253BEF3E00B944F1 /* PBXContainerItemProxy */;
		};
/* End PBXTargetDependency section */

/* Begin PBXVariantGroup section */
		A4F238D0253BEF3A00B944F1 /* Main.storyboard */ = {
			isa = PBXVariantGroup;
			children = (
				A4F238D1253BEF3A00B944F1 /* Base */,
			);
			name = Main.storyboard;
			sourceTree = "<group>";
		};
		A4F238D5253BEF3E00B944F1 /* LaunchScreen.storyboard */ = {
			isa = PBXVariantGroup;
			children = (
				A4F238D6253BEF3E00B944F1 /* Base */,
			);
			name = LaunchScreen.storyboard;
			sourceTree = "<group>";
		};
/* End PBXVariantGroup section */

/* Begin XCBuildConfiguration section */
		A4F238EF253BEF3E00B944F1 /* Debug */ = {
			isa = XCBuildConfiguration;
			buildSettings = {
				ALWAYS_SEARCH_USER_PATHS = NO;
				CLANG_ANALYZER_NONNULL = YES;
				CLANG_ANALYZER_NUMBER_OBJECT_CONVERSION = YES_AGGRESSIVE;
				CLANG_CXX_LANGUAGE_STANDARD = "gnu++14";
				CLANG_CXX_LIBRARY = "libc++";
				CLANG_ENABLE_MODULES = YES;
				CLANG_ENABLE_OBJC_ARC = YES;
				CLANG_ENABLE_OBJC_WEAK = YES;
				CLANG_WARN_BLOCK_CAPTURE_AUTORELEASING = YES;
				CLANG_WARN_BOOL_CONVERSION = YES;
				CLANG_WARN_COMMA = YES;
				CLANG_WARN_CONSTANT_CONVERSION = YES;
				CLANG_WARN_DEPRECATED_OBJC_IMPLEMENTATIONS = YES;
				CLANG_WARN_DIRECT_OBJC_ISA_USAGE = YES_ERROR;
				CLANG_WARN_DOCUMENTATION_COMMENTS = YES;
				CLANG_WARN_EMPTY_BODY = YES;
				CLANG_WARN_ENUM_CONVERSION = YES;
				CLANG_WARN_INFINITE_RECURSION = YES;
				CLANG_WARN_INT_CONVERSION = YES;
				CLANG_WARN_NON_LITERAL_NULL_CONVERSION = YES;
				CLANG_WARN_OBJC_IMPLICIT_RETAIN_SELF = YES;
				CLANG_WARN_OBJC_LITERAL_CONVERSION = YES;
				CLANG_WARN_OBJC_ROOT_CLASS = YES_ERROR;
				CLANG_WARN_QUOTED_INCLUDE_IN_FRAMEWORK_HEADER = YES;
				CLANG_WARN_RANGE_LOOP_ANALYSIS = YES;
				CLANG_WARN_STRICT_PROTOTYPES = YES;
				CLANG_WARN_SUSPICIOUS_MOVE = YES;
				CLANG_WARN_UNGUARDED_AVAILABILITY = YES_AGGRESSIVE;
				CLANG_WARN_UNREACHABLE_CODE = YES;
				CLANG_WARN__DUPLICATE_METHOD_MATCH = YES;
				COPY_PHASE_STRIP = NO;
				DEBUG_INFORMATION_FORMAT = dwarf;
				ENABLE_STRICT_OBJC_MSGSEND = YES;
				ENABLE_TESTABILITY = YES;
				GCC_C_LANGUAGE_STANDARD = gnu11;
				GCC_DYNAMIC_NO_PIC = NO;
				GCC_NO_COMMON_BLOCKS = YES;
				GCC_OPTIMIZATION_LEVEL = 0;
				GCC_PREPROCESSOR_DEFINITIONS = (
					"DEBUG=1",
					"$(inherited)",
				);
				GCC_WARN_64_TO_32_BIT_CONVERSION = YES;
				GCC_WARN_ABOUT_RETURN_TYPE = YES_ERROR;
				GCC_WARN_UNDECLARED_SELECTOR = YES;
				GCC_WARN_UNINITIALIZED_AUTOS = YES_AGGRESSIVE;
				GCC_WARN_UNUSED_FUNCTION = YES;
				GCC_WARN_UNUSED_VARIABLE = YES;
				IPHONEOS_DEPLOYMENT_TARGET = 14.0;
				MTL_ENABLE_DEBUG_INFO = INCLUDE_SOURCE;
				MTL_FAST_MATH = YES;
				ONLY_ACTIVE_ARCH = YES;
				SDKROOT = iphoneos;
				SWIFT_ACTIVE_COMPILATION_CONDITIONS = DEBUG;
				SWIFT_OPTIMIZATION_LEVEL = "-Onone";
			};
			name = Debug;
		};
		A4F238F0253BEF3E00B944F1 /* Release */ = {
			isa = XCBuildConfiguration;
			buildSettings = {
				ALWAYS_SEARCH_USER_PATHS = NO;
				CLANG_ANALYZER_NONNULL = YES;
				CLANG_ANALYZER_NUMBER_OBJECT_CONVERSION = YES_AGGRESSIVE;
				CLANG_CXX_LANGUAGE_STANDARD = "gnu++14";
				CLANG_CXX_LIBRARY = "libc++";
				CLANG_ENABLE_MODULES = YES;
				CLANG_ENABLE_OBJC_ARC = YES;
				CLANG_ENABLE_OBJC_WEAK = YES;
				CLANG_WARN_BLOCK_CAPTURE_AUTORELEASING = YES;
				CLANG_WARN_BOOL_CONVERSION = YES;
				CLANG_WARN_COMMA = YES;
				CLANG_WARN_CONSTANT_CONVERSION = YES;
				CLANG_WARN_DEPRECATED_OBJC_IMPLEMENTATIONS = YES;
				CLANG_WARN_DIRECT_OBJC_ISA_USAGE = YES_ERROR;
				CLANG_WARN_DOCUMENTATION_COMMENTS = YES;
				CLANG_WARN_EMPTY_BODY = YES;
				CLANG_WARN_ENUM_CONVERSION = YES;
				CLANG_WARN_INFINITE_RECURSION = YES;
				CLANG_WARN_INT_CONVERSION = YES;
				CLANG_WARN_NON_LITERAL_NULL_CONVERSION = YES;
				CLANG_WARN_OBJC_IMPLICIT_RETAIN_SELF = YES;
				CLANG_WARN_OBJC_LITERAL_CONVERSION = YES;
				CLANG_WARN_OBJC_ROOT_CLASS = YES_ERROR;
				CLANG_WARN_QUOTED_INCLUDE_IN_FRAMEWORK_HEADER = YES;
				CLANG_WARN_RANGE_LOOP_ANALYSIS = YES;
				CLANG_WARN_STRICT_PROTOTYPES = YES;
				CLANG_WARN_SUSPICIOUS_MOVE = YES;
				CLANG_WARN_UNGUARDED_AVAILABILITY = YES_AGGRESSIVE;
				CLANG_WARN_UNREACHABLE_CODE = YES;
				CLANG_WARN__DUPLICATE_METHOD_MATCH = YES;
				COPY_PHASE_STRIP = NO;
				DEBUG_INFORMATION_FORMAT = "dwarf-with-dsym";
				ENABLE_NS_ASSERTIONS = NO;
				ENABLE_STRICT_OBJC_MSGSEND = YES;
				GCC_C_LANGUAGE_STANDARD = gnu11;
				GCC_NO_COMMON_BLOCKS = YES;
				GCC_WARN_64_TO_32_BIT_CONVERSION = YES;
				GCC_WARN_ABOUT_RETURN_TYPE = YES_ERROR;
				GCC_WARN_UNDECLARED_SELECTOR = YES;
				GCC_WARN_UNINITIALIZED_AUTOS = YES_AGGRESSIVE;
				GCC_WARN_UNUSED_FUNCTION = YES;
				GCC_WARN_UNUSED_VARIABLE = YES;
				IPHONEOS_DEPLOYMENT_TARGET = 14.0;
				MTL_ENABLE_DEBUG_INFO = NO;
				MTL_FAST_MATH = YES;
				SDKROOT = iphoneos;
				SWIFT_COMPILATION_MODE = wholemodule;
				SWIFT_OPTIMIZATION_LEVEL = "-O";
				VALIDATE_PRODUCT = YES;
			};
			name = Release;
		};
		A4F238F2253BEF3E00B944F1 /* Debug */ = {
			isa = XCBuildConfiguration;
			buildSettings = {
				ASSETCATALOG_COMPILER_APPICON_NAME = AppIcon;
				ASSETCATALOG_COMPILER_GLOBAL_ACCENT_COLOR_NAME = AccentColor;
				CODE_SIGN_STYLE = Automatic;
				DEVELOPMENT_TEAM = C925359XTF;
				INFOPLIST_FILE = FlipCardGame/Info.plist;
				LD_RUNPATH_SEARCH_PATHS = (
					"$(inherited)",
					"@executable_path/Frameworks",
				);
				PRODUCT_BUNDLE_IDENTIFIER = com.aaron.FlipCardGame;
				PRODUCT_NAME = "$(TARGET_NAME)";
				SWIFT_VERSION = 5.0;
				TARGETED_DEVICE_FAMILY = "1,2";
			};
			name = Debug;
		};
		A4F238F3253BEF3E00B944F1 /* Release */ = {
			isa = XCBuildConfiguration;
			buildSettings = {
				ASSETCATALOG_COMPILER_APPICON_NAME = AppIcon;
				ASSETCATALOG_COMPILER_GLOBAL_ACCENT_COLOR_NAME = AccentColor;
				CODE_SIGN_STYLE = Automatic;
				DEVELOPMENT_TEAM = C925359XTF;
				INFOPLIST_FILE = FlipCardGame/Info.plist;
				LD_RUNPATH_SEARCH_PATHS = (
					"$(inherited)",
					"@executable_path/Frameworks",
				);
				PRODUCT_BUNDLE_IDENTIFIER = com.aaron.FlipCardGame;
				PRODUCT_NAME = "$(TARGET_NAME)";
				SWIFT_VERSION = 5.0;
				TARGETED_DEVICE_FAMILY = "1,2";
			};
			name = Release;
		};
		A4F238F5253BEF3E00B944F1 /* Debug */ = {
			isa = XCBuildConfiguration;
			buildSettings = {
				ALWAYS_EMBED_SWIFT_STANDARD_LIBRARIES = YES;
				BUNDLE_LOADER = "$(TEST_HOST)";
				CODE_SIGN_STYLE = Automatic;
				DEVELOPMENT_TEAM = C925359XTF;
				INFOPLIST_FILE = FlipCardGameTests/Info.plist;
				IPHONEOS_DEPLOYMENT_TARGET = 14.0;
				LD_RUNPATH_SEARCH_PATHS = (
					"$(inherited)",
					"@executable_path/Frameworks",
					"@loader_path/Frameworks",
				);
				PRODUCT_BUNDLE_IDENTIFIER = com.aaron.FlipCardGameTests;
				PRODUCT_NAME = "$(TARGET_NAME)";
				SWIFT_VERSION = 5.0;
				TARGETED_DEVICE_FAMILY = "1,2";
				TEST_HOST = "$(BUILT_PRODUCTS_DIR)/FlipCardGame.app/FlipCardGame";
			};
			name = Debug;
		};
		A4F238F6253BEF3E00B944F1 /* Release */ = {
			isa = XCBuildConfiguration;
			buildSettings = {
				ALWAYS_EMBED_SWIFT_STANDARD_LIBRARIES = YES;
				BUNDLE_LOADER = "$(TEST_HOST)";
				CODE_SIGN_STYLE = Automatic;
				DEVELOPMENT_TEAM = C925359XTF;
				INFOPLIST_FILE = FlipCardGameTests/Info.plist;
				IPHONEOS_DEPLOYMENT_TARGET = 14.0;
				LD_RUNPATH_SEARCH_PATHS = (
					"$(inherited)",
					"@executable_path/Frameworks",
					"@loader_path/Frameworks",
				);
				PRODUCT_BUNDLE_IDENTIFIER = com.aaron.FlipCardGameTests;
				PRODUCT_NAME = "$(TARGET_NAME)";
				SWIFT_VERSION = 5.0;
				TARGETED_DEVICE_FAMILY = "1,2";
				TEST_HOST = "$(BUILT_PRODUCTS_DIR)/FlipCardGame.app/FlipCardGame";
			};
			name = Release;
		};
		A4F238F8253BEF3E00B944F1 /* Debug */ = {
			isa = XCBuildConfiguration;
			buildSettings = {
				ALWAYS_EMBED_SWIFT_STANDARD_LIBRARIES = YES;
				CODE_SIGN_STYLE = Automatic;
				DEVELOPMENT_TEAM = C925359XTF;
				INFOPLIST_FILE = FlipCardGameUITests/Info.plist;
				LD_RUNPATH_SEARCH_PATHS = (
					"$(inherited)",
					"@executable_path/Frameworks",
					"@loader_path/Frameworks",
				);
				PRODUCT_BUNDLE_IDENTIFIER = com.aaron.FlipCardGameUITests;
				PRODUCT_NAME = "$(TARGET_NAME)";
				SWIFT_VERSION = 5.0;
				TARGETED_DEVICE_FAMILY = "1,2";
				TEST_TARGET_NAME = FlipCardGame;
			};
			name = Debug;
		};
		A4F238F9253BEF3E00B944F1 /* Release */ = {
			isa = XCBuildConfiguration;
			buildSettings = {
				ALWAYS_EMBED_SWIFT_STANDARD_LIBRARIES = YES;
				CODE_SIGN_STYLE = Automatic;
				DEVELOPMENT_TEAM = C925359XTF;
				INFOPLIST_FILE = FlipCardGameUITests/Info.plist;
				LD_RUNPATH_SEARCH_PATHS = (
					"$(inherited)",
					"@executable_path/Frameworks",
					"@loader_path/Frameworks",
				);
				PRODUCT_BUNDLE_IDENTIFIER = com.aaron.FlipCardGameUITests;
				PRODUCT_NAME = "$(TARGET_NAME)";
				SWIFT_VERSION = 5.0;
				TARGETED_DEVICE_FAMILY = "1,2";
				TEST_TARGET_NAME = FlipCardGame;
			};
			name = Release;
		};
/* End XCBuildConfiguration section */

/* Begin XCConfigurationList section */
		A4F238C2253BEF3A00B944F1 /* Build configuration list for PBXProject "FlipCardGame" */ = {
			isa = XCConfigurationList;
			buildConfigurations = (
				A4F238EF253BEF3E00B944F1 /* Debug */,
				A4F238F0253BEF3E00B944F1 /* Release */,
			);
			defaultConfigurationIsVisible = 0;
			defaultConfigurationName = Release;
		};
		A4F238F1253BEF3E00B944F1 /* Build configuration list for PBXNativeTarget "FlipCardGame" */ = {
			isa = XCConfigurationList;
			buildConfigurations = (
				A4F238F2253BEF3E00B944F1 /* Debug */,
				A4F238F3253BEF3E00B944F1 /* Release */,
			);
			defaultConfigurationIsVisible = 0;
			defaultConfigurationName = Release;
		};
		A4F238F4253BEF3E00B944F1 /* Build configuration list for PBXNativeTarget "FlipCardGameTests" */ = {
			isa = XCConfigurationList;
			buildConfigurations = (
				A4F238F5253BEF3E00B944F1 /* Debug */,
				A4F238F6253BEF3E00B944F1 /* Release */,
			);
			defaultConfigurationIsVisible = 0;
			defaultConfigurationName = Release;
		};
		A4F238F7253BEF3E00B944F1 /* Build configuration list for PBXNativeTarget "FlipCardGameUITests" */ = {
			isa = XCConfigurationList;
			buildConfigurations = (
				A4F238F8253BEF3E00B944F1 /* Debug */,
				A4F238F9253BEF3E00B944F1 /* Release */,
			);
			defaultConfigurationIsVisible = 0;
			defaultConfigurationName = Release;
		};
/* End XCConfigurationList section */
	};
	rootObject = A4F238BF253BEF3A00B944F1 /* Project object */;
}
